
Microsoft Visual Studio Solution File, Format Version 12.00
# Visual Studio 2012
Project("{FAE04EC0-301F-11D3-BF4B-00C04F79EFBC}") = "Player", "Player\Player.csproj", "{BDFA1350-BE01-432B-9662-DD0698A395F9}"
EndProject
Project("{FAE04EC0-301F-11D3-BF4B-00C04F79EFBC}") = "Lyrics", "Lyrics\Lyrics.csproj", "{5A3FE620-1EF7-42CD-B6BA-E8C9375D4996}"
EndProject
Project("{FAE04EC0-301F-11D3-BF4B-00C04F79EFBC}") = "ArtistPic", "SingerImgDl\ArtistPic.csproj", "{5A9C400E-ECE7-4EEC-ABBD-084BC23D5F77}"
EndProject
Project("{FAE04EC0-301F-11D3-BF4B-00C04F79EFBC}") = "test", "test\test.csproj", "{E9645A94-6069-439A-BEB3-BD03505B0116}"
EndProject
Project("{FAE04EC0-301F-11D3-BF4B-00C04F79EFBC}") = "BaiDuYun", "BaiDuYun\BaiDuYun.csproj", "{FC24AA23-31DB-42C9-AF43-44577A4BB9C4}"
EndProject
Project("{FAE04EC0-301F-11D3-BF4B-00C04F79EFBC}") = "Win8Toast", "Win8Toast\Win8Toast.csproj", "{85B3BDD3-18FB-4074-AF05-AC5E988DE6C7}"
EndProject
Project("{FAE04EC0-301F-11D3-BF4B-00C04F79EFBC}") = "OtherFunction", "OtherFunction\OtherFunction.csproj", "{5B748C6E-BA47-4D24-B738-5EDC5559B8B2}"
EndProject
Project("{FAE04EC0-301F-11D3-BF4B-00C04F79EFBC}") = "ImPlayer.Calender", "Calender\ImPlayer.Calender.csproj", "{C3586D60-40DB-4D4F-AFB2-00BB3D72D2D0}"
EndProject
Project("{FAE04EC0-301F-11D3-BF4B-00C04F79EFBC}") = "ImPalyer.FM", "ImPalyer.FM\ImPalyer.FM.csproj", "{DBE68D29-0472-43ED-B516-988638ED9DE4}"
EndProject
Global
	GlobalSection(SolutionConfigurationPlatforms) = preSolution
		Debug|Any CPU = Debug|Any CPU
		Debug|ARM = Debug|ARM
		Debug|x64 = Debug|x64
		Debug|x86 = Debug|x86
		Release|Any CPU = Release|Any CPU
		Release|ARM = Release|ARM
		Release|x64 = Release|x64
		Release|x86 = Release|x86
	EndGlobalSection
	GlobalSection(ProjectConfigurationPlatforms) = postSolution
		{BDFA1350-BE01-432B-9662-DD0698A395F9}.Debug|Any CPU.ActiveCfg = Debug|Any CPU
		{BDFA1350-BE01-432B-9662-DD0698A395F9}.Debug|Any CPU.Build.0 = Debug|Any CPU
		{BDFA1350-BE01-432B-9662-DD0698A395F9}.Debug|ARM.ActiveCfg = Debug|Any CPU
		{BDFA1350-BE01-432B-9662-DD0698A395F9}.Debug|x64.ActiveCfg = Debug|Any CPU
		{BDFA1350-BE01-432B-9662-DD0698A395F9}.Debug|x86.ActiveCfg = Debug|Any CPU
		{BDFA1350-BE01-432B-9662-DD0698A395F9}.Release|Any CPU.ActiveCfg = Release|Any CPU
		{BDFA1350-BE01-432B-9662-DD0698A395F9}.Release|Any CPU.Build.0 = Release|Any CPU
		{BDFA1350-BE01-432B-9662-DD0698A395F9}.Release|ARM.ActiveCfg = Release|Any CPU
		{BDFA1350-BE01-432B-9662-DD0698A395F9}.Release|x64.ActiveCfg = Release|Any CPU
		{BDFA1350-BE01-432B-9662-DD0698A395F9}.Release|x86.ActiveCfg = Release|Any CPU
		{5A3FE620-1EF7-42CD-B6BA-E8C9375D4996}.Debug|Any CPU.ActiveCfg = Debug|Any CPU
		{5A3FE620-1EF7-42CD-B6BA-E8C9375D4996}.Debug|Any CPU.Build.0 = Debug|Any CPU
		{5A3FE620-1EF7-42CD-B6BA-E8C9375D4996}.Debug|ARM.ActiveCfg = Debug|Any CPU
		{5A3FE620-1EF7-42CD-B6BA-E8C9375D4996}.Debug|x64.ActiveCfg = Debug|Any CPU
		{5A3FE620-1EF7-42CD-B6BA-E8C9375D4996}.Debug|x86.ActiveCfg = Debug|Any CPU
		{5A3FE620-1EF7-42CD-B6BA-E8C9375D4996}.Release|Any CPU.ActiveCfg = Release|Any CPU
		{5A3FE620-1EF7-42CD-B6BA-E8C9375D4996}.Release|Any CPU.Build.0 = Release|Any CPU
		{5A3FE620-1EF7-42CD-B6BA-E8C9375D4996}.Release|ARM.ActiveCfg = Release|Any CPU
		{5A3FE620-1EF7-42CD-B6BA-E8C9375D4996}.Release|x64.ActiveCfg = Release|Any CPU
		{5A3FE620-1EF7-42CD-B6BA-E8C9375D4996}.Release|x86.ActiveCfg = Release|Any CPU
		{5A9C400E-ECE7-4EEC-ABBD-084BC23D5F77}.Debug|Any CPU.ActiveCfg = Debug|Any CPU
		{5A9C400E-ECE7-4EEC-ABBD-084BC23D5F77}.Debug|Any CPU.Build.0 = Debug|Any CPU
		{5A9C400E-ECE7-4EEC-ABBD-084BC23D5F77}.Debug|ARM.ActiveCfg = Debug|Any CPU
		{5A9C400E-ECE7-4EEC-ABBD-084BC23D5F77}.Debug|x64.ActiveCfg = Debug|Any CPU
		{5A9C400E-ECE7-4EEC-ABBD-084BC23D5F77}.Debug|x86.ActiveCfg = Debug|Any CPU
		{5A9C400E-ECE7-4EEC-ABBD-084BC23D5F77}.Release|Any CPU.ActiveCfg = Release|Any CPU
		{5A9C400E-ECE7-4EEC-ABBD-084BC23D5F77}.Release|Any CPU.Build.0 = Release|Any CPU
		{5A9C400E-ECE7-4EEC-ABBD-084BC23D5F77}.Release|ARM.ActiveCfg = Release|Any CPU
		{5A9C400E-ECE7-4EEC-ABBD-084BC23D5F77}.Release|x64.ActiveCfg = Release|Any CPU
		{5A9C400E-ECE7-4EEC-ABBD-084BC23D5F77}.Release|x86.ActiveCfg = Release|Any CPU
		{E9645A94-6069-439A-BEB3-BD03505B0116}.Debug|Any CPU.ActiveCfg = Debug|Any CPU
		{E9645A94-6069-439A-BEB3-BD03505B0116}.Debug|Any CPU.Build.0 = Debug|Any CPU
		{E9645A94-6069-439A-BEB3-BD03505B0116}.Debug|ARM.ActiveCfg = Debug|Any CPU
		{E9645A94-6069-439A-BEB3-BD03505B0116}.Debug|x64.ActiveCfg = Debug|Any CPU
		{E9645A94-6069-439A-BEB3-BD03505B0116}.Debug|x86.ActiveCfg = Debug|Any CPU
		{E9645A94-6069-439A-BEB3-BD03505B0116}.Release|Any CPU.ActiveCfg = Release|Any CPU
		{E9645A94-6069-439A-BEB3-BD03505B0116}.Release|Any CPU.Build.0 = Release|Any CPU
		{E9645A94-6069-439A-BEB3-BD03505B0116}.Release|ARM.ActiveCfg = Release|Any CPU
		{E9645A94-6069-439A-BEB3-BD03505B0116}.Release|x64.ActiveCfg = Release|Any CPU
		{E9645A94-6069-439A-BEB3-BD03505B0116}.Release|x86.ActiveCfg = Release|Any CPU
		{FC24AA23-31DB-42C9-AF43-44577A4BB9C4}.Debug|Any CPU.ActiveCfg = Debug|Any CPU
		{FC24AA23-31DB-42C9-AF43-44577A4BB9C4}.Debug|Any CPU.Build.0 = Debug|Any CPU
		{FC24AA23-31DB-42C9-AF43-44577A4BB9C4}.Debug|ARM.ActiveCfg = Debug|Any CPU
		{FC24AA23-31DB-42C9-AF43-44577A4BB9C4}.Debug|x64.ActiveCfg = Debug|Any CPU
		{FC24AA23-31DB-42C9-AF43-44577A4BB9C4}.Debug|x86.ActiveCfg = Debug|Any CPU
		{FC24AA23-31DB-42C9-AF43-44577A4BB9C4}.Release|Any CPU.ActiveCfg = Release|Any CPU
		{FC24AA23-31DB-42C9-AF43-44577A4BB9C4}.Release|Any CPU.Build.0 = Release|Any CPU
		{FC24AA23-31DB-42C9-AF43-44577A4BB9C4}.Release|ARM.ActiveCfg = Release|Any CPU
		{FC24AA23-31DB-42C9-AF43-44577A4BB9C4}.Release|x64.ActiveCfg = Release|Any CPU
		{FC24AA23-31DB-42C9-AF43-44577A4BB9C4}.Release|x86.ActiveCfg = Release|Any CPU
		{85B3BDD3-18FB-4074-AF05-AC5E988DE6C7}.Debug|Any CPU.ActiveCfg = Debug|Any CPU
		{85B3BDD3-18FB-4074-AF05-AC5E988DE6C7}.Debug|Any CPU.Build.0 = Debug|Any CPU
		{85B3BDD3-18FB-4074-AF05-AC5E988DE6C7}.Debug|ARM.ActiveCfg = Debug|Any CPU
		{85B3BDD3-18FB-4074-AF05-AC5E988DE6C7}.Debug|x64.ActiveCfg = Debug|Any CPU
		{85B3BDD3-18FB-4074-AF05-AC5E988DE6C7}.Debug|x86.ActiveCfg = Debug|Any CPU
		{85B3BDD3-18FB-4074-AF05-AC5E988DE6C7}.Release|Any CPU.ActiveCfg = Release|Any CPU
		{85B3BDD3-18FB-4074-AF05-AC5E988DE6C7}.Release|Any CPU.Build.0 = Release|Any CPU
		{85B3BDD3-18FB-4074-AF05-AC5E988DE6C7}.Release|ARM.ActiveCfg = Release|Any CPU
		{85B3BDD3-18FB-4074-AF05-AC5E988DE6C7}.Release|x64.ActiveCfg = Release|Any CPU
		{85B3BDD3-18FB-4074-AF05-AC5E988DE6C7}.Release|x86.ActiveCfg = Release|Any CPU
		{5B748C6E-BA47-4D24-B738-5EDC5559B8B2}.Debug|Any CPU.ActiveCfg = Debug|Any CPU
		{5B748C6E-BA47-4D24-B738-5EDC5559B8B2}.Debug|Any CPU.Build.0 = Debug|Any CPU
		{5B748C6E-BA47-4D24-B738-5EDC5559B8B2}.Debug|ARM.ActiveCfg = Debug|Any CPU
		{5B748C6E-BA47-4D24-B738-5EDC5559B8B2}.Debug|x64.ActiveCfg = Debug|Any CPU
		{5B748C6E-BA47-4D24-B738-5EDC5559B8B2}.Debug|x86.ActiveCfg = Debug|Any CPU
		{5B748C6E-BA47-4D24-B738-5EDC5559B8B2}.Release|Any CPU.ActiveCfg = Release|Any CPU
		{5B748C6E-BA47-4D24-B738-5EDC5559B8B2}.Release|Any CPU.Build.0 = Release|Any CPU
		{5B748C6E-BA47-4D24-B738-5EDC5559B8B2}.Release|ARM.ActiveCfg = Release|Any CPU
		{5B748C6E-BA47-4D24-B738-5EDC5559B8B2}.Release|x64.ActiveCfg = Release|Any CPU
		{5B748C6E-BA47-4D24-B738-5EDC5559B8B2}.Release|x86.ActiveCfg = Release|Any CPU
		{C3586D60-40DB-4D4F-AFB2-00BB3D72D2D0}.Debug|Any CPU.ActiveCfg = Debug|Any CPU
		{C3586D60-40DB-4D4F-AFB2-00BB3D72D2D0}.Debug|Any CPU.Build.0 = Debug|Any CPU
		{C3586D60-40DB-4D4F-AFB2-00BB3D72D2D0}.Debug|ARM.ActiveCfg = Debug|Any CPU
		{C3586D60-40DB-4D4F-AFB2-00BB3D72D2D0}.Debug|x64.ActiveCfg = Debug|Any CPU
		{C3586D60-40DB-4D4F-AFB2-00BB3D72D2D0}.Debug|x86.ActiveCfg = Debug|Any CPU
		{C3586D60-40DB-4D4F-AFB2-00BB3D72D2D0}.Release|Any CPU.ActiveCfg = Release|Any CPU
		{C3586D60-40DB-4D4F-AFB2-00BB3D72D2D0}.Release|Any CPU.Build.0 = Release|Any CPU
		{C3586D60-40DB-4D4F-AFB2-00BB3D72D2D0}.Release|ARM.ActiveCfg = Release|Any CPU
		{C3586D60-40DB-4D4F-AFB2-00BB3D72D2D0}.Release|x64.ActiveCfg = Release|Any CPU
		{C3586D60-40DB-4D4F-AFB2-00BB3D72D2D0}.Release|x86.ActiveCfg = Release|Any CPU
		{DBE68D29-0472-43ED-B516-988638ED9DE4}.Debug|Any CPU.ActiveCfg = Debug|Any CPU
		{DBE68D29-0472-43ED-B516-988638ED9DE4}.Debug|Any CPU.Build.0 = Debug|Any CPU
		{DBE68D29-0472-43ED-B516-988638ED9DE4}.Debug|ARM.ActiveCfg = Debug|Any CPU
		{DBE68D29-0472-43ED-B516-988638ED9DE4}.Debug|x64.ActiveCfg = Debug|Any CPU
		{DBE68D29-0472-43ED-B516-988638ED9DE4}.Debug|x86.ActiveCfg = Debug|Any CPU
		{DBE68D29-0472-43ED-B516-988638ED9DE4}.Release|Any CPU.ActiveCfg = Release|Any CPU
		{DBE68D29-0472-43ED-B516-988638ED9DE4}.Release|Any CPU.Build.0 = Release|Any CPU
		{DBE68D29-0472-43ED-B516-988638ED9DE4}.Release|ARM.ActiveCfg = Release|Any CPU
		{DBE68D29-0472-43ED-B516-988638ED9DE4}.Release|x64.ActiveCfg = Release|Any CPU
		{DBE68D29-0472-43ED-B516-988638ED9DE4}.Release|x86.ActiveCfg = Release|Any CPU
	EndGlobalSection
	GlobalSection(SolutionProperties) = preSolution
		HideSolutionNode = FALSE
	EndGlobalSection
EndGlobal
